# This file is machine-generated by `gh actions-lock`.
# Do not edit by hand; run `gh actions-lock` to update.
# Docs: https://gh.io/actions-lockfile
version: 'v0.0.2'
workflows:
    '.github/workflows/ci.yml':
        - 'actions/checkout@v7.0.1'
        - 'actions/setup-go@v7.0.0'
        - 'actions/setup-node@v7.0.0'
        - 'cicd-sensor/cicd-sensor-action@v0.0.39'
    '.github/workflows/tagpr.yml':
        - 'actions/checkout@v7.0.1'
        - 'cicd-sensor/cicd-sensor-action@v0.0.39'
        - 'songmu/tagpr@v1.21.2'
dependencies:
    'actions/checkout@v7.0.1':
        ref: 'v7.0.1'
        commit: 'sha1-3d3c42e5aac5ba805825da76410c181273ba90b1'
        owner_id: 44036562
        repo_id: 197814629
    'actions/setup-go@v7.0.0':
        ref: 'v7.0.0'
        commit: 'sha1-b7ad1dad31e06c5925ef5d2fc7ad053ef454303e'
        owner_id: 44036562
        repo_id: 192624594
    'actions/setup-node@v7.0.0':
        ref: 'v7.0.0'
        commit: 'sha1-820762786026740c76f36085b0efc47a31fe5020'
        owner_id: 44036562
        repo_id: 189476904
    'cicd-sensor/cicd-sensor-action@v0.0.39':
        ref: 'v0.0.39'
        commit: 'sha1-cb0546d5707fcb68bf755006cb97817b3750996b'
        owner_id: 282334600
        repo_id: 1231431279
    'songmu/tagpr@v1.21.2':
        ref: 'v1.21.2'
        commit: 'sha1-0c4eb5a3b0862693702acea436a7c68bd586530d'
        owner_id: 177122
        repo_id: 524603982
